
Microsoft Visual Studio Solution File, Format Version 12.00
# Visual Studio Version 17
VisualStudioVersion = 17.7.34009.444
MinimumVisualStudioVersion = 10.0.40219.1
Project("{FAE04EC0-301F-11D3-BF4B-00C04F79EFBC}") = "bt_codegym", "bt_codegym\bt_codegym.csproj", "{C2337A65-6245-40AD-B9CB-FCF17041A273}"
EndProject
Project("{FAE04EC0-301F-11D3-BF4B-00C04F79EFBC}") = "dien_tich_chu_nhat", "dien_tich_chu_nhat\dien_tich_chu_nhat.csproj", "{ACD4FC47-E5D2-429C-BE27-FA41C2EC79A9}"
EndProject
Project("{FAE04EC0-301F-11D3-BF4B-00C04F79EFBC}") = "hien_thi_loi_chao", "hien_thi_loi_chao\hien_thi_loi_chao.csproj", "{2A58B52F-09EA-45CC-9A13-4C64F0674F0C}"
EndProject
Project("{FAE04EC0-301F-11D3-BF4B-00C04F79EFBC}") = "doi_tien_te", "doi_tien_te\doi_tien_te.csproj", "{33968D42-8C2E-4F2E-9A8D-546B2D7AF836}"
EndProject
Project("{FAE04EC0-301F-11D3-BF4B-00C04F79EFBC}") = "so nguyen to", "so nguyen to\so nguyen to.csproj", "{1ECCA675-36D1-44F6-9D50-219666AB3110}"
EndProject
Project("{FAE04EC0-301F-11D3-BF4B-00C04F79EFBC}") = "hien thi cac loai hinh", "hien thi cac loai hinh\hien thi cac loai hinh.csproj", "{8AFAD6A1-A717-4AA0-A345-6037B9FD90DD}"
EndProject
Project("{FAE04EC0-301F-11D3-BF4B-00C04F79EFBC}") = "tongPtMang", "tongPtMang\tongPtMang.csproj", "{3FEF8256-5A8C-4E69-8E14-4DA5D5EFD0A1}"
EndProject
Project("{FAE04EC0-301F-11D3-BF4B-00C04F79EFBC}") = "timPTMang", "timPTMang\timPTMang.csproj", "{0B00404F-70CB-43C7-9866-1D98F3A0AE47}"
EndProject
Project("{FAE04EC0-301F-11D3-BF4B-00C04F79EFBC}") = "timPtLonNhat", "timPtLonNhat\timPtLonNhat.csproj", "{980BC788-1979-4610-9B1D-D678BE6A3EC9}"
EndProject
Project("{FAE04EC0-301F-11D3-BF4B-00C04F79EFBC}") = "tongPtMang2Chieu", "tongPtMang2Chieu\tongPtMang2Chieu.csproj", "{842E163D-C983-4F9F-85C2-9104D0F9D0C2}"
EndProject
Project("{FAE04EC0-301F-11D3-BF4B-00C04F79EFBC}") = "ChuyenDoiNhietDo", "ChuyenDoiNhietDo\ChuyenDoiNhietDo.csproj", "{09943476-27AA-4506-A98F-475385CBDF0E}"
EndProject
Project("{FAE04EC0-301F-11D3-BF4B-00C04F79EFBC}") = "GiaTriNhoNhat", "GiaTriNhoNhat\GiaTriNhoNhat.csproj", "{9B97509B-73CE-4CEF-98B1-4F2988D3899A}"
EndProject
Project("{FAE04EC0-301F-11D3-BF4B-00C04F79EFBC}") = "XoaPhanTuKhoiMang", "XoaPhanTuKhoiMang\XoaPhanTuKhoiMang.csproj", "{331F0FB7-FD9C-442B-98D0-9535C66960D7}"
EndProject
Project("{FAE04EC0-301F-11D3-BF4B-00C04F79EFBC}") = "DemKyTu", "DemKyTu\DemKyTu.csproj", "{B2DB4FBF-3390-448B-AE3E-421FBF37DDE3}"
EndProject
Project("{FAE04EC0-301F-11D3-BF4B-00C04F79EFBC}") = "lopHinhChuNhat", "lopHinhChuNhat\lopHinhChuNhat.csproj", "{81377733-7799-44C0-930F-8BCF7F61619C}"
EndProject
Project("{FAE04EC0-301F-11D3-BF4B-00C04F79EFBC}") = "demSoLanXuatHienKyTu", "demSoLanXuatHienKyTu\demSoLanXuatHienKyTu.csproj", "{7364A6CD-8985-4317-8191-AD54FCC7CB5F}"
EndProject
Project("{FAE04EC0-301F-11D3-BF4B-00C04F79EFBC}") = "StopWatch", "StopWatch\StopWatch.csproj", "{96774012-8959-478C-9F23-224052F9CA41}"
EndProject
Project("{FAE04EC0-301F-11D3-BF4B-00C04F79EFBC}") = "lop animal va Edible", "lop animal va Edible\lop animal va Edible.csproj", "{7057FA14-E4CF-47F1-A68E-57D336D97447}"
EndProject
Project("{FAE04EC0-301F-11D3-BF4B-00C04F79EFBC}") = "Animal", "Animal\Animal.csproj", "{1EFA0316-3F21-4864-9D6F-97CD22F4C083}"
EndProject
Project("{FAE04EC0-301F-11D3-BF4B-00C04F79EFBC}") = "Static Methob", "Static Methob\Static Methob.csproj", "{03B4CFCC-4F59-41A4-987D-2F37479D5A0A}"
EndProject
Project("{FAE04EC0-301F-11D3-BF4B-00C04F79EFBC}") = "Class Fan", "Class Fan\Class Fan.csproj", "{CF761242-77C5-4ECF-87B6-D67F6C384134}"
EndProject
Project("{FAE04EC0-301F-11D3-BF4B-00C04F79EFBC}") = "HeCacDoiTuongHinhHoc", "HeCacDoiTuongHinhHoc\HeCacDoiTuongHinhHoc.csproj", "{DA84D460-1911-4FBD-9132-9F95880F1A94}"
EndProject
Project("{FAE04EC0-301F-11D3-BF4B-00C04F79EFBC}") = "Circle vaf Cylinder", "Circle vaf Cylinder\Circle vaf Cylinder.csproj", "{9F537C19-40D4-4CDE-B973-6E95AFAAE95A}"
EndProject
Project("{FAE04EC0-301F-11D3-BF4B-00C04F79EFBC}") = "Lop IndexOutOfRangeException", "Lop IndexOutOfRangeException\Lop IndexOutOfRangeException.csproj", "{C8DE9A91-621D-41E2-A6A4-25E4AA04C6BF}"
EndProject
Project("{FAE04EC0-301F-11D3-BF4B-00C04F79EFBC}") = "TongFile", "Tòngile\TongFile.csproj", "{D80D61AE-F7F2-42BC-8676-4143FAA91E57}"
EndProject
Project("{FAE04EC0-301F-11D3-BF4B-00C04F79EFBC}") = "LopIndexOutOfRangeException", "LopIndexOutOfRangeException\LopIndexOutOfRangeException.csproj", "{71AB6A93-0500-42F5-87F2-C071879C5A9C}"
EndProject
Project("{FAE04EC0-301F-11D3-BF4B-00C04F79EFBC}") = "Binary", "Binary\Binary.csproj", "{36F1DCEF-BA84-44C9-ABE6-767E2377B77A}"
EndProject
Project("{FAE04EC0-301F-11D3-BF4B-00C04F79EFBC}") = "SumFile", "SumFile\SumFile.csproj", "{74085A1C-C4AB-450C-BA6C-2189733DFD5C}"
EndProject
Project("{FAE04EC0-301F-11D3-BF4B-00C04F79EFBC}") = "InterfaceAnimal", "InterfaceAnimal\InterfaceAnimal.csproj", "{FC2AA685-E574-4B4F-8094-27C5CCF637BC}"
EndProject
Global
	GlobalSection(SolutionConfigurationPlatforms) = preSolution
		Debug|Any CPU = Debug|Any CPU
		Release|Any CPU = Release|Any CPU
	EndGlobalSection
	GlobalSection(ProjectConfigurationPlatforms) = postSolution
		{C2337A65-6245-40AD-B9CB-FCF17041A273}.Debug|Any CPU.ActiveCfg = Debug|Any CPU
		{C2337A65-6245-40AD-B9CB-FCF17041A273}.Debug|Any CPU.Build.0 = Debug|Any CPU
		{C2337A65-6245-40AD-B9CB-FCF17041A273}.Release|Any CPU.ActiveCfg = Release|Any CPU
		{C2337A65-6245-40AD-B9CB-FCF17041A273}.Release|Any CPU.Build.0 = Release|Any CPU
		{ACD4FC47-E5D2-429C-BE27-FA41C2EC79A9}.Debug|Any CPU.ActiveCfg = Debug|Any CPU
		{ACD4FC47-E5D2-429C-BE27-FA41C2EC79A9}.Debug|Any CPU.Build.0 = Debug|Any CPU
		{ACD4FC47-E5D2-429C-BE27-FA41C2EC79A9}.Release|Any CPU.ActiveCfg = Release|Any CPU
		{ACD4FC47-E5D2-429C-BE27-FA41C2EC79A9}.Release|Any CPU.Build.0 = Release|Any CPU
		{2A58B52F-09EA-45CC-9A13-4C64F0674F0C}.Debug|Any CPU.ActiveCfg = Debug|Any CPU
		{2A58B52F-09EA-45CC-9A13-4C64F0674F0C}.Debug|Any CPU.Build.0 = Debug|Any CPU
		{2A58B52F-09EA-45CC-9A13-4C64F0674F0C}.Release|Any CPU.ActiveCfg = Release|Any CPU
		{2A58B52F-09EA-45CC-9A13-4C64F0674F0C}.Release|Any CPU.Build.0 = Release|Any CPU
		{33968D42-8C2E-4F2E-9A8D-546B2D7AF836}.Debug|Any CPU.ActiveCfg = Debug|Any CPU
		{33968D42-8C2E-4F2E-9A8D-546B2D7AF836}.Debug|Any CPU.Build.0 = Debug|Any CPU
		{33968D42-8C2E-4F2E-9A8D-546B2D7AF836}.Release|Any CPU.ActiveCfg = Release|Any CPU
		{33968D42-8C2E-4F2E-9A8D-546B2D7AF836}.Release|Any CPU.Build.0 = Release|Any CPU
		{1ECCA675-36D1-44F6-9D50-219666AB3110}.Debug|Any CPU.ActiveCfg = Debug|Any CPU
		{1ECCA675-36D1-44F6-9D50-219666AB3110}.Debug|Any CPU.Build.0 = Debug|Any CPU
		{1ECCA675-36D1-44F6-9D50-219666AB3110}.Release|Any CPU.ActiveCfg = Release|Any CPU
		{1ECCA675-36D1-44F6-9D50-219666AB3110}.Release|Any CPU.Build.0 = Release|Any CPU
		{8AFAD6A1-A717-4AA0-A345-6037B9FD90DD}.Debug|Any CPU.ActiveCfg = Debug|Any CPU
		{8AFAD6A1-A717-4AA0-A345-6037B9FD90DD}.Debug|Any CPU.Build.0 = Debug|Any CPU
		{8AFAD6A1-A717-4AA0-A345-6037B9FD90DD}.Release|Any CPU.ActiveCfg = Release|Any CPU
		{8AFAD6A1-A717-4AA0-A345-6037B9FD90DD}.Release|Any CPU.Build.0 = Release|Any CPU
		{3FEF8256-5A8C-4E69-8E14-4DA5D5EFD0A1}.Debug|Any CPU.ActiveCfg = Debug|Any CPU
		{3FEF8256-5A8C-4E69-8E14-4DA5D5EFD0A1}.Debug|Any CPU.Build.0 = Debug|Any CPU
		{3FEF8256-5A8C-4E69-8E14-4DA5D5EFD0A1}.Release|Any CPU.ActiveCfg = Release|Any CPU
		{3FEF8256-5A8C-4E69-8E14-4DA5D5EFD0A1}.Release|Any CPU.Build.0 = Release|Any CPU
		{0B00404F-70CB-43C7-9866-1D98F3A0AE47}.Debug|Any CPU.ActiveCfg = Debug|Any CPU
		{0B00404F-70CB-43C7-9866-1D98F3A0AE47}.Debug|Any CPU.Build.0 = Debug|Any CPU
		{0B00404F-70CB-43C7-9866-1D98F3A0AE47}.Release|Any CPU.ActiveCfg = Release|Any CPU
		{0B00404F-70CB-43C7-9866-1D98F3A0AE47}.Release|Any CPU.Build.0 = Release|Any CPU
		{980BC788-1979-4610-9B1D-D678BE6A3EC9}.Debug|Any CPU.ActiveCfg = Debug|Any CPU
		{980BC788-1979-4610-9B1D-D678BE6A3EC9}.Debug|Any CPU.Build.0 = Debug|Any CPU
		{980BC788-1979-4610-9B1D-D678BE6A3EC9}.Release|Any CPU.ActiveCfg = Release|Any CPU
		{980BC788-1979-4610-9B1D-D678BE6A3EC9}.Release|Any CPU.Build.0 = Release|Any CPU
		{842E163D-C983-4F9F-85C2-9104D0F9D0C2}.Debug|Any CPU.ActiveCfg = Debug|Any CPU
		{842E163D-C983-4F9F-85C2-9104D0F9D0C2}.Debug|Any CPU.Build.0 = Debug|Any CPU
		{842E163D-C983-4F9F-85C2-9104D0F9D0C2}.Release|Any CPU.ActiveCfg = Release|Any CPU
		{842E163D-C983-4F9F-85C2-9104D0F9D0C2}.Release|Any CPU.Build.0 = Release|Any CPU
		{09943476-27AA-4506-A98F-475385CBDF0E}.Debug|Any CPU.ActiveCfg = Debug|Any CPU
		{09943476-27AA-4506-A98F-475385CBDF0E}.Debug|Any CPU.Build.0 = Debug|Any CPU
		{09943476-27AA-4506-A98F-475385CBDF0E}.Release|Any CPU.ActiveCfg = Release|Any CPU
		{09943476-27AA-4506-A98F-475385CBDF0E}.Release|Any CPU.Build.0 = Release|Any CPU
		{9B97509B-73CE-4CEF-98B1-4F2988D3899A}.Debug|Any CPU.ActiveCfg = Debug|Any CPU
		{9B97509B-73CE-4CEF-98B1-4F2988D3899A}.Debug|Any CPU.Build.0 = Debug|Any CPU
		{9B97509B-73CE-4CEF-98B1-4F2988D3899A}.Release|Any CPU.ActiveCfg = Release|Any CPU
		{9B97509B-73CE-4CEF-98B1-4F2988D3899A}.Release|Any CPU.Build.0 = Release|Any CPU
		{331F0FB7-FD9C-442B-98D0-9535C66960D7}.Debug|Any CPU.ActiveCfg = Debug|Any CPU
		{331F0FB7-FD9C-442B-98D0-9535C66960D7}.Debug|Any CPU.Build.0 = Debug|Any CPU
		{331F0FB7-FD9C-442B-98D0-9535C66960D7}.Release|Any CPU.ActiveCfg = Release|Any CPU
		{331F0FB7-FD9C-442B-98D0-9535C66960D7}.Release|Any CPU.Build.0 = Release|Any CPU
		{B2DB4FBF-3390-448B-AE3E-421FBF37DDE3}.Debug|Any CPU.ActiveCfg = Debug|Any CPU
		{B2DB4FBF-3390-448B-AE3E-421FBF37DDE3}.Debug|Any CPU.Build.0 = Debug|Any CPU
		{B2DB4FBF-3390-448B-AE3E-421FBF37DDE3}.Release|Any CPU.ActiveCfg = Release|Any CPU
		{B2DB4FBF-3390-448B-AE3E-421FBF37DDE3}.Release|Any CPU.Build.0 = Release|Any CPU
		{81377733-7799-44C0-930F-8BCF7F61619C}.Debug|Any CPU.ActiveCfg = Debug|Any CPU
		{81377733-7799-44C0-930F-8BCF7F61619C}.Debug|Any CPU.Build.0 = Debug|Any CPU
		{81377733-7799-44C0-930F-8BCF7F61619C}.Release|Any CPU.ActiveCfg = Release|Any CPU
		{81377733-7799-44C0-930F-8BCF7F61619C}.Release|Any CPU.Build.0 = Release|Any CPU
		{7364A6CD-8985-4317-8191-AD54FCC7CB5F}.Debug|Any CPU.ActiveCfg = Debug|Any CPU
		{7364A6CD-8985-4317-8191-AD54FCC7CB5F}.Debug|Any CPU.Build.0 = Debug|Any CPU
		{7364A6CD-8985-4317-8191-AD54FCC7CB5F}.Release|Any CPU.ActiveCfg = Release|Any CPU
		{7364A6CD-8985-4317-8191-AD54FCC7CB5F}.Release|Any CPU.Build.0 = Release|Any CPU
		{96774012-8959-478C-9F23-224052F9CA41}.Debug|Any CPU.ActiveCfg = Debug|Any CPU
		{96774012-8959-478C-9F23-224052F9CA41}.Debug|Any CPU.Build.0 = Debug|Any CPU
		{96774012-8959-478C-9F23-224052F9CA41}.Release|Any CPU.ActiveCfg = Release|Any CPU
		{96774012-8959-478C-9F23-224052F9CA41}.Release|Any CPU.Build.0 = Release|Any CPU
		{7057FA14-E4CF-47F1-A68E-57D336D97447}.Debug|Any CPU.ActiveCfg = Debug|Any CPU
		{7057FA14-E4CF-47F1-A68E-57D336D97447}.Debug|Any CPU.Build.0 = Debug|Any CPU
		{7057FA14-E4CF-47F1-A68E-57D336D97447}.Release|Any CPU.ActiveCfg = Release|Any CPU
		{7057FA14-E4CF-47F1-A68E-57D336D97447}.Release|Any CPU.Build.0 = Release|Any CPU
		{1EFA0316-3F21-4864-9D6F-97CD22F4C083}.Debug|Any CPU.ActiveCfg = Debug|Any CPU
		{1EFA0316-3F21-4864-9D6F-97CD22F4C083}.Debug|Any CPU.Build.0 = Debug|Any CPU
		{1EFA0316-3F21-4864-9D6F-97CD22F4C083}.Release|Any CPU.ActiveCfg = Release|Any CPU
		{1EFA0316-3F21-4864-9D6F-97CD22F4C083}.Release|Any CPU.Build.0 = Release|Any CPU
		{03B4CFCC-4F59-41A4-987D-2F37479D5A0A}.Debug|Any CPU.ActiveCfg = Debug|Any CPU
		{03B4CFCC-4F59-41A4-987D-2F37479D5A0A}.Debug|Any CPU.Build.0 = Debug|Any CPU
		{03B4CFCC-4F59-41A4-987D-2F37479D5A0A}.Release|Any CPU.ActiveCfg = Release|Any CPU
		{03B4CFCC-4F59-41A4-987D-2F37479D5A0A}.Release|Any CPU.Build.0 = Release|Any CPU
		{CF761242-77C5-4ECF-87B6-D67F6C384134}.Debug|Any CPU.ActiveCfg = Debug|Any CPU
		{CF761242-77C5-4ECF-87B6-D67F6C384134}.Debug|Any CPU.Build.0 = Debug|Any CPU
		{CF761242-77C5-4ECF-87B6-D67F6C384134}.Release|Any CPU.ActiveCfg = Release|Any CPU
		{CF761242-77C5-4ECF-87B6-D67F6C384134}.Release|Any CPU.Build.0 = Release|Any CPU
		{DA84D460-1911-4FBD-9132-9F95880F1A94}.Debug|Any CPU.ActiveCfg = Debug|Any CPU
		{DA84D460-1911-4FBD-9132-9F95880F1A94}.Debug|Any CPU.Build.0 = Debug|Any CPU
		{DA84D460-1911-4FBD-9132-9F95880F1A94}.Release|Any CPU.ActiveCfg = Release|Any CPU
		{DA84D460-1911-4FBD-9132-9F95880F1A94}.Release|Any CPU.Build.0 = Release|Any CPU
		{9F537C19-40D4-4CDE-B973-6E95AFAAE95A}.Debug|Any CPU.ActiveCfg = Debug|Any CPU
		{9F537C19-40D4-4CDE-B973-6E95AFAAE95A}.Debug|Any CPU.Build.0 = Debug|Any CPU
		{9F537C19-40D4-4CDE-B973-6E95AFAAE95A}.Release|Any CPU.ActiveCfg = Release|Any CPU
		{9F537C19-40D4-4CDE-B973-6E95AFAAE95A}.Release|Any CPU.Build.0 = Release|Any CPU
		{C8DE9A91-621D-41E2-A6A4-25E4AA04C6BF}.Debug|Any CPU.ActiveCfg = Debug|Any CPU
		{C8DE9A91-621D-41E2-A6A4-25E4AA04C6BF}.Debug|Any CPU.Build.0 = Debug|Any CPU
		{C8DE9A91-621D-41E2-A6A4-25E4AA04C6BF}.Release|Any CPU.ActiveCfg = Release|Any CPU
		{C8DE9A91-621D-41E2-A6A4-25E4AA04C6BF}.Release|Any CPU.Build.0 = Release|Any CPU
		{D80D61AE-F7F2-42BC-8676-4143FAA91E57}.Debug|Any CPU.ActiveCfg = Debug|Any CPU
		{D80D61AE-F7F2-42BC-8676-4143FAA91E57}.Debug|Any CPU.Build.0 = Debug|Any CPU
		{D80D61AE-F7F2-42BC-8676-4143FAA91E57}.Release|Any CPU.ActiveCfg = Release|Any CPU
		{D80D61AE-F7F2-42BC-8676-4143FAA91E57}.Release|Any CPU.Build.0 = Release|Any CPU
		{71AB6A93-0500-42F5-87F2-C071879C5A9C}.Debug|Any CPU.ActiveCfg = Debug|Any CPU
		{71AB6A93-0500-42F5-87F2-C071879C5A9C}.Debug|Any CPU.Build.0 = Debug|Any CPU
		{71AB6A93-0500-42F5-87F2-C071879C5A9C}.Release|Any CPU.ActiveCfg = Release|Any CPU
		{71AB6A93-0500-42F5-87F2-C071879C5A9C}.Release|Any CPU.Build.0 = Release|Any CPU
		{36F1DCEF-BA84-44C9-ABE6-767E2377B77A}.Debug|Any CPU.ActiveCfg = Debug|Any CPU
		{36F1DCEF-BA84-44C9-ABE6-767E2377B77A}.Debug|Any CPU.Build.0 = Debug|Any CPU
		{36F1DCEF-BA84-44C9-ABE6-767E2377B77A}.Release|Any CPU.ActiveCfg = Release|Any CPU
		{36F1DCEF-BA84-44C9-ABE6-767E2377B77A}.Release|Any CPU.Build.0 = Release|Any CPU
		{74085A1C-C4AB-450C-BA6C-2189733DFD5C}.Debug|Any CPU.ActiveCfg = Debug|Any CPU
		{74085A1C-C4AB-450C-BA6C-2189733DFD5C}.Debug|Any CPU.Build.0 = Debug|Any CPU
		{74085A1C-C4AB-450C-BA6C-2189733DFD5C}.Release|Any CPU.ActiveCfg = Release|Any CPU
		{74085A1C-C4AB-450C-BA6C-2189733DFD5C}.Release|Any CPU.Build.0 = Release|Any CPU
		{FC2AA685-E574-4B4F-8094-27C5CCF637BC}.Debug|Any CPU.ActiveCfg = Debug|Any CPU
		{FC2AA685-E574-4B4F-8094-27C5CCF637BC}.Debug|Any CPU.Build.0 = Debug|Any CPU
		{FC2AA685-E574-4B4F-8094-27C5CCF637BC}.Release|Any CPU.ActiveCfg = Release|Any CPU
		{FC2AA685-E574-4B4F-8094-27C5CCF637BC}.Release|Any CPU.Build.0 = Release|Any CPU
	EndGlobalSection
	GlobalSection(SolutionProperties) = preSolution
		HideSolutionNode = FALSE
	EndGlobalSection
	GlobalSection(ExtensibilityGlobals) = postSolution
		SolutionGuid = {3AAEDAFA-0194-433B-99ED-986218966D2B}
	EndGlobalSection
EndGlobal
