
Microsoft Visual Studio Solution File, Format Version 12.00
# Visual Studio Version 17
VisualStudioVersion = 17.7.34009.444
MinimumVisualStudioVersion = 10.0.40219.1
Project("{FAE04EC0-301F-11D3-BF4B-00C04F79EFBC}") = "bt_codegym", "bt_codegym\bt_codegym.csproj", "{C2337A65-6245-40AD-B9CB-FCF17041A273}"
EndProject
Project("{FAE04EC0-301F-11D3-BF4B-00C04F79EFBC}") = "dien_tich_chu_nhat", "dien_tich_chu_nhat\dien_tich_chu_nhat.csproj", "{ACD4FC47-E5D2-429C-BE27-FA41C2EC79A9}"
EndProject
Project("{FAE04EC0-301F-11D3-BF4B-00C04F79EFBC}") = "hien_thi_loi_chao", "hien_thi_loi_chao\hien_thi_loi_chao.csproj", "{2A58B52F-09EA-45CC-9A13-4C64F0674F0C}"
EndProject
Project("{FAE04EC0-301F-11D3-BF4B-00C04F79EFBC}") = "doi_tien_te", "doi_tien_te\doi_tien_te.csproj", "{33968D42-8C2E-4F2E-9A8D-546B2D7AF836}"
EndProject
Project("{FAE04EC0-301F-11D3-BF4B-00C04F79EFBC}") = "so nguyen to", "so nguyen to\so nguyen to.csproj", "{1ECCA675-36D1-44F6-9D50-219666AB3110}"
EndProject
Project("{FAE04EC0-301F-11D3-BF4B-00C04F79EFBC}") = "hien thi cac loai hinh", "hien thi cac loai hinh\hien thi cac loai hinh.csproj", "{8AFAD6A1-A717-4AA0-A345-6037B9FD90DD}"
EndProject
Project("{FAE04EC0-301F-11D3-BF4B-00C04F79EFBC}") = "tongPtMang", "tongPtMang\tongPtMang.csproj", "{3FEF8256-5A8C-4E69-8E14-4DA5D5EFD0A1}"
EndProject
Project("{FAE04EC0-301F-11D3-BF4B-00C04F79EFBC}") = "timPTMang", "timPTMang\timPTMang.csproj", "{0B00404F-70CB-43C7-9866-1D98F3A0AE47}"
EndProject
Project("{FAE04EC0-301F-11D3-BF4B-00C04F79EFBC}") = "timPtLonNhat", "timPtLonNhat\timPtLonNhat.csproj", "{980BC788-1979-4610-9B1D-D678BE6A3EC9}"
EndProject
Project("{FAE04EC0-301F-11D3-BF4B-00C04F79EFBC}") = "tongPtMang2Chieu", "tongPtMang2Chieu\tongPtMang2Chieu.csproj", "{842E163D-C983-4F9F-85C2-9104D0F9D0C2}"
EndProject
Project("{FAE04EC0-301F-11D3-BF4B-00C04F79EFBC}") = "ChuyenDoiNhietDo", "ChuyenDoiNhietDo\ChuyenDoiNhietDo.csproj", "{09943476-27AA-4506-A98F-475385CBDF0E}"
EndProject
Project("{FAE04EC0-301F-11D3-BF4B-00C04F79EFBC}") = "GiaTriNhoNhat", "GiaTriNhoNhat\GiaTriNhoNhat.csproj", "{9B97509B-73CE-4CEF-98B1-4F2988D3899A}"
EndProject
Global
	GlobalSection(SolutionConfigurationPlatforms) = preSolution
		Debug|Any CPU = Debug|Any CPU
		Release|Any CPU = Release|Any CPU
	EndGlobalSection
	GlobalSection(ProjectConfigurationPlatforms) = postSolution
		{C2337A65-6245-40AD-B9CB-FCF17041A273}.Debug|Any CPU.ActiveCfg = Debug|Any CPU
		{C2337A65-6245-40AD-B9CB-FCF17041A273}.Debug|Any CPU.Build.0 = Debug|Any CPU
		{C2337A65-6245-40AD-B9CB-FCF17041A273}.Release|Any CPU.ActiveCfg = Release|Any CPU
		{C2337A65-6245-40AD-B9CB-FCF17041A273}.Release|Any CPU.Build.0 = Release|Any CPU
		{ACD4FC47-E5D2-429C-BE27-FA41C2EC79A9}.Debug|Any CPU.ActiveCfg = Debug|Any CPU
		{ACD4FC47-E5D2-429C-BE27-FA41C2EC79A9}.Debug|Any CPU.Build.0 = Debug|Any CPU
		{ACD4FC47-E5D2-429C-BE27-FA41C2EC79A9}.Release|Any CPU.ActiveCfg = Release|Any CPU
		{ACD4FC47-E5D2-429C-BE27-FA41C2EC79A9}.Release|Any CPU.Build.0 = Release|Any CPU
		{2A58B52F-09EA-45CC-9A13-4C64F0674F0C}.Debug|Any CPU.ActiveCfg = Debug|Any CPU
		{2A58B52F-09EA-45CC-9A13-4C64F0674F0C}.Debug|Any CPU.Build.0 = Debug|Any CPU
		{2A58B52F-09EA-45CC-9A13-4C64F0674F0C}.Release|Any CPU.ActiveCfg = Release|Any CPU
		{2A58B52F-09EA-45CC-9A13-4C64F0674F0C}.Release|Any CPU.Build.0 = Release|Any CPU
		{33968D42-8C2E-4F2E-9A8D-546B2D7AF836}.Debug|Any CPU.ActiveCfg = Debug|Any CPU
		{33968D42-8C2E-4F2E-9A8D-546B2D7AF836}.Debug|Any CPU.Build.0 = Debug|Any CPU
		{33968D42-8C2E-4F2E-9A8D-546B2D7AF836}.Release|Any CPU.ActiveCfg = Release|Any CPU
		{33968D42-8C2E-4F2E-9A8D-546B2D7AF836}.Release|Any CPU.Build.0 = Release|Any CPU
		{1ECCA675-36D1-44F6-9D50-219666AB3110}.Debug|Any CPU.ActiveCfg = Debug|Any CPU
		{1ECCA675-36D1-44F6-9D50-219666AB3110}.Debug|Any CPU.Build.0 = Debug|Any CPU
		{1ECCA675-36D1-44F6-9D50-219666AB3110}.Release|Any CPU.ActiveCfg = Release|Any CPU
		{1ECCA675-36D1-44F6-9D50-219666AB3110}.Release|Any CPU.Build.0 = Release|Any CPU
		{8AFAD6A1-A717-4AA0-A345-6037B9FD90DD}.Debug|Any CPU.ActiveCfg = Debug|Any CPU
		{8AFAD6A1-A717-4AA0-A345-6037B9FD90DD}.Debug|Any CPU.Build.0 = Debug|Any CPU
		{8AFAD6A1-A717-4AA0-A345-6037B9FD90DD}.Release|Any CPU.ActiveCfg = Release|Any CPU
		{8AFAD6A1-A717-4AA0-A345-6037B9FD90DD}.Release|Any CPU.Build.0 = Release|Any CPU
		{3FEF8256-5A8C-4E69-8E14-4DA5D5EFD0A1}.Debug|Any CPU.ActiveCfg = Debug|Any CPU
		{3FEF8256-5A8C-4E69-8E14-4DA5D5EFD0A1}.Debug|Any CPU.Build.0 = Debug|Any CPU
		{3FEF8256-5A8C-4E69-8E14-4DA5D5EFD0A1}.Release|Any CPU.ActiveCfg = Release|Any CPU
		{3FEF8256-5A8C-4E69-8E14-4DA5D5EFD0A1}.Release|Any CPU.Build.0 = Release|Any CPU
		{0B00404F-70CB-43C7-9866-1D98F3A0AE47}.Debug|Any CPU.ActiveCfg = Debug|Any CPU
		{0B00404F-70CB-43C7-9866-1D98F3A0AE47}.Debug|Any CPU.Build.0 = Debug|Any CPU
		{0B00404F-70CB-43C7-9866-1D98F3A0AE47}.Release|Any CPU.ActiveCfg = Release|Any CPU
		{0B00404F-70CB-43C7-9866-1D98F3A0AE47}.Release|Any CPU.Build.0 = Release|Any CPU
		{980BC788-1979-4610-9B1D-D678BE6A3EC9}.Debug|Any CPU.ActiveCfg = Debug|Any CPU
		{980BC788-1979-4610-9B1D-D678BE6A3EC9}.Debug|Any CPU.Build.0 = Debug|Any CPU
		{980BC788-1979-4610-9B1D-D678BE6A3EC9}.Release|Any CPU.ActiveCfg = Release|Any CPU
		{980BC788-1979-4610-9B1D-D678BE6A3EC9}.Release|Any CPU.Build.0 = Release|Any CPU
		{842E163D-C983-4F9F-85C2-9104D0F9D0C2}.Debug|Any CPU.ActiveCfg = Debug|Any CPU
		{842E163D-C983-4F9F-85C2-9104D0F9D0C2}.Debug|Any CPU.Build.0 = Debug|Any CPU
		{842E163D-C983-4F9F-85C2-9104D0F9D0C2}.Release|Any CPU.ActiveCfg = Release|Any CPU
		{842E163D-C983-4F9F-85C2-9104D0F9D0C2}.Release|Any CPU.Build.0 = Release|Any CPU
		{09943476-27AA-4506-A98F-475385CBDF0E}.Debug|Any CPU.ActiveCfg = Debug|Any CPU
		{09943476-27AA-4506-A98F-475385CBDF0E}.Debug|Any CPU.Build.0 = Debug|Any CPU
		{09943476-27AA-4506-A98F-475385CBDF0E}.Release|Any CPU.ActiveCfg = Release|Any CPU
		{09943476-27AA-4506-A98F-475385CBDF0E}.Release|Any CPU.Build.0 = Release|Any CPU
		{9B97509B-73CE-4CEF-98B1-4F2988D3899A}.Debug|Any CPU.ActiveCfg = Debug|Any CPU
		{9B97509B-73CE-4CEF-98B1-4F2988D3899A}.Debug|Any CPU.Build.0 = Debug|Any CPU
		{9B97509B-73CE-4CEF-98B1-4F2988D3899A}.Release|Any CPU.ActiveCfg = Release|Any CPU
		{9B97509B-73CE-4CEF-98B1-4F2988D3899A}.Release|Any CPU.Build.0 = Release|Any CPU
	EndGlobalSection
	GlobalSection(SolutionProperties) = preSolution
		HideSolutionNode = FALSE
	EndGlobalSection
	GlobalSection(ExtensibilityGlobals) = postSolution
		SolutionGuid = {3AAEDAFA-0194-433B-99ED-986218966D2B}
	EndGlobalSection
EndGlobal
